
Microsoft Visual Studio Solution File, Format Version 12.00
# Visual Studio Version 16
VisualStudioVersion = 16.0.33801.447
MinimumVisualStudioVersion = 10.0.40219.1
Project("{FAE04EC0-301F-11D3-BF4B-00C04F79EFBC}") = "Program2", "Program2\Program2.csproj", "{300DA375-BD55-4319-B195-047EACBBC592}"
EndProject
Global
	GlobalSection(SolutionConfigurationPlatforms) = preSolution
		Debug|Any CPU = Debug|Any CPU
		Release|Any CPU = Release|Any CPU
	EndGlobalSection
	GlobalSection(ProjectConfigurationPlatforms) = postSolution
		{300DA375-BD55-4319-B195-047EACBBC592}.Debug|Any CPU.ActiveCfg = Debug|Any CPU
		{300DA375-BD55-4319-B195-047EACBBC592}.Debug|Any CPU.Build.0 = Debug|Any CPU
		{300DA375-BD55-4319-B195-047EACBBC592}.Release|Any CPU.ActiveCfg = Release|Any CPU
		{300DA375-BD55-4319-B195-047EACBBC592}.Release|Any CPU.Build.0 = Release|Any CPU
	EndGlobalSection
	GlobalSection(SolutionProperties) = preSolution
		HideSolutionNode = FALSE
	EndGlobalSection
	GlobalSection(ExtensibilityGlobals) = postSolution
		SolutionGuid = {468FA8B6-22B3-433D-A0D3-F17400C043C5}
	EndGlobalSection
EndGlobal
